
Microsoft Visual Studio Solution File, Format Version 12.00
# Visual Studio Version 16
VisualStudioVersion = 16.0.30114.105
MinimumVisualStudioVersion = 10.0.40219.1
Project("{9A19103F-16F7-4668-BE54-9A1E7A4F7556}") = "Keeper.API", "Keeper.API\Keeper.API.csproj", "{91AB6907-EBE0-4A97-9455-61B78A4E6C5B}"
EndProject
Project("{FAE04EC0-301F-11D3-BF4B-00C04F79EFBC}") = "Keeper.Data", "Keeper.Data\Keeper.Data.csproj", "{C0D46950-4D41-463B-8A94-4511D2BDEA8E}"
EndProject
Global
	GlobalSection(SolutionConfigurationPlatforms) = preSolution
		Debug|Any CPU = Debug|Any CPU
		Release|Any CPU = Release|Any CPU
	EndGlobalSection
	GlobalSection(ProjectConfigurationPlatforms) = postSolution
		{91AB6907-EBE0-4A97-9455-61B78A4E6C5B}.Debug|Any CPU.ActiveCfg = Debug|Any CPU
		{91AB6907-EBE0-4A97-9455-61B78A4E6C5B}.Debug|Any CPU.Build.0 = Debug|Any CPU
		{91AB6907-EBE0-4A97-9455-61B78A4E6C5B}.Release|Any CPU.ActiveCfg = Release|Any CPU
		{91AB6907-EBE0-4A97-9455-61B78A4E6C5B}.Release|Any CPU.Build.0 = Release|Any CPU
		{C0D46950-4D41-463B-8A94-4511D2BDEA8E}.Debug|Any CPU.ActiveCfg = Debug|Any CPU
		{C0D46950-4D41-463B-8A94-4511D2BDEA8E}.Debug|Any CPU.Build.0 = Debug|Any CPU
		{C0D46950-4D41-463B-8A94-4511D2BDEA8E}.Release|Any CPU.ActiveCfg = Release|Any CPU
		{C0D46950-4D41-463B-8A94-4511D2BDEA8E}.Release|Any CPU.Build.0 = Release|Any CPU
	EndGlobalSection
	GlobalSection(SolutionProperties) = preSolution
		HideSolutionNode = FALSE
	EndGlobalSection
	GlobalSection(ExtensibilityGlobals) = postSolution
		SolutionGuid = {215E1B76-00CB-4308-9EBF-FA483A93FB5B}
	EndGlobalSection
EndGlobal
